// !$*UTF8*$!
{
	archiveVersion = 1;
	classes = {
	};
	objectVersion = 56;
	objects = {

/* Begin PBXBuildFile section */
		8C2F4AA62C14BC7500E0DD0A /* WB_Home1App.swift in Sources */ = {isa = PBXBuildFile; fileRef = 8C2F4AA52C14BC7500E0DD0A /* WB_Home1App.swift */; };
		8C2F4AA82C14BC7500E0DD0A /* ContentView.swift in Sources */ = {isa = PBXBuildFile; fileRef = 8C2F4AA72C14BC7500E0DD0A /* ContentView.swift */; };
		8C2F4AAA2C14BC7700E0DD0A /* Assets.xcassets in Resources */ = {isa = PBXBuildFile; fileRef = 8C2F4AA92C14BC7700E0DD0A /* Assets.xcassets */; };
		8C2F4AAD2C14BC7700E0DD0A /* Preview Assets.xcassets in Resources */ = {isa = PBXBuildFile; fileRef = 8C2F4AAC2C14BC7700E0DD0A /* Preview Assets.xcassets */; };
		8C2F4ABA2C15F32900E0DD0A /* TabBar.swift in Sources */ = {isa = PBXBuildFile; fileRef = 8C2F4AB92C15F32900E0DD0A /* TabBar.swift */; };
		8C2F4ABD2C16037800E0DD0A /* Contacts.swift in Sources */ = {isa = PBXBuildFile; fileRef = 8C2F4ABC2C16037800E0DD0A /* Contacts.swift */; };
		8C2F4ABF2C16038000E0DD0A /* Chats.swift in Sources */ = {isa = PBXBuildFile; fileRef = 8C2F4ABE2C16038000E0DD0A /* Chats.swift */; };
		8C2F4AC12C16038800E0DD0A /* Other.swift in Sources */ = {isa = PBXBuildFile; fileRef = 8C2F4AC02C16038800E0DD0A /* Other.swift */; };
		8C2F4AC32C16064200E0DD0A /* TabBarItem.swift in Sources */ = {isa = PBXBuildFile; fileRef = 8C2F4AC22C16064200E0DD0A /* TabBarItem.swift */; };
		8C2F4AC52C16504300E0DD0A /* SearchBar.swift in Sources */ = {isa = PBXBuildFile; fileRef = 8C2F4AC42C16504300E0DD0A /* SearchBar.swift */; };
		8C2F4AC72C165B8400E0DD0A /* Contact.swift in Sources */ = {isa = PBXBuildFile; fileRef = 8C2F4AC62C165B8400E0DD0A /* Contact.swift */; };
		8C2F4ACA2C176D9600E0DD0A /* DetailsView.swift in Sources */ = {isa = PBXBuildFile; fileRef = 8C2F4AC92C176D9600E0DD0A /* DetailsView.swift */; };
/* End PBXBuildFile section */

/* Begin PBXFileReference section */
		8C2F4AA22C14BC7500E0DD0A /* WB_Home1.app */ = {isa = PBXFileReference; explicitFileType = wrapper.application; includeInIndex = 0; path = WB_Home1.app; sourceTree = BUILT_PRODUCTS_DIR; };
		8C2F4AA52C14BC7500E0DD0A /* WB_Home1App.swift */ = {isa = PBXFileReference; lastKnownFileType = sourcecode.swift; path = WB_Home1App.swift; sourceTree = "<group>"; };
		8C2F4AA72C14BC7500E0DD0A /* ContentView.swift */ = {isa = PBXFileReference; lastKnownFileType = sourcecode.swift; path = ContentView.swift; sourceTree = "<group>"; };
		8C2F4AA92C14BC7700E0DD0A /* Assets.xcassets */ = {isa = PBXFileReference; lastKnownFileType = folder.assetcatalog; path = Assets.xcassets; sourceTree = "<group>"; };
		8C2F4AAC2C14BC7700E0DD0A /* Preview Assets.xcassets */ = {isa = PBXFileReference; lastKnownFileType = folder.assetcatalog; path = "Preview Assets.xcassets"; sourceTree = "<group>"; };
		8C2F4AB92C15F32900E0DD0A /* TabBar.swift */ = {isa = PBXFileReference; lastKnownFileType = sourcecode.swift; path = TabBar.swift; sourceTree = "<group>"; };
		8C2F4ABC2C16037800E0DD0A /* Contacts.swift */ = {isa = PBXFileReference; lastKnownFileType = sourcecode.swift; path = Contacts.swift; sourceTree = "<group>"; };
		8C2F4ABE2C16038000E0DD0A /* Chats.swift */ = {isa = PBXFileReference; lastKnownFileType = sourcecode.swift; path = Chats.swift; sourceTree = "<group>"; };
		8C2F4AC02C16038800E0DD0A /* Other.swift */ = {isa = PBXFileReference; lastKnownFileType = sourcecode.swift; path = Other.swift; sourceTree = "<group>"; };
		8C2F4AC22C16064200E0DD0A /* TabBarItem.swift */ = {isa = PBXFileReference; lastKnownFileType = sourcecode.swift; path = TabBarItem.swift; sourceTree = "<group>"; };
		8C2F4AC42C16504300E0DD0A /* SearchBar.swift */ = {isa = PBXFileReference; lastKnownFileType = sourcecode.swift; path = SearchBar.swift; sourceTree = "<group>"; };
		8C2F4AC62C165B8400E0DD0A /* Contact.swift */ = {isa = PBXFileReference; lastKnownFileType = sourcecode.swift; path = Contact.swift; sourceTree = "<group>"; };
		8C2F4AC92C176D9600E0DD0A /* DetailsView.swift */ = {isa = PBXFileReference; lastKnownFileType = sourcecode.swift; path = DetailsView.swift; sourceTree = "<group>"; };
/* End PBXFileReference section */

/* Begin PBXFrameworksBuildPhase section */
		8C2F4A9F2C14BC7500E0DD0A /* Frameworks */ = {
			isa = PBXFrameworksBuildPhase;
			buildActionMask = 2147483647;
			files = (
			);
			runOnlyForDeploymentPostprocessing = 0;
		};
/* End PBXFrameworksBuildPhase section */

/* Begin PBXGroup section */
		8C2F4A992C14BC7500E0DD0A = {
			isa = PBXGroup;
			children = (
				8C2F4AA42C14BC7500E0DD0A /* WB_Home1 */,
				8C2F4AA32C14BC7500E0DD0A /* Products */,
			);
			sourceTree = "<group>";
		};
		8C2F4AA32C14BC7500E0DD0A /* Products */ = {
			isa = PBXGroup;
			children = (
				8C2F4AA22C14BC7500E0DD0A /* WB_Home1.app */,
			);
			name = Products;
			sourceTree = "<group>";
		};
		8C2F4AA42C14BC7500E0DD0A /* WB_Home1 */ = {
			isa = PBXGroup;
			children = (
				8C2F4ABB2C16034600E0DD0A /* TabViews */,
				8C2F4AA52C14BC7500E0DD0A /* WB_Home1App.swift */,
				8C2F4AC42C16504300E0DD0A /* SearchBar.swift */,
				8C2F4AA72C14BC7500E0DD0A /* ContentView.swift */,
				8C2F4AB92C15F32900E0DD0A /* TabBar.swift */,
				8C2F4AC22C16064200E0DD0A /* TabBarItem.swift */,
				8C2F4AA92C14BC7700E0DD0A /* Assets.xcassets */,
				8C2F4AAB2C14BC7700E0DD0A /* Preview Content */,
				8C2F4AC62C165B8400E0DD0A /* Contact.swift */,
			);
			path = WB_Home1;
			sourceTree = "<group>";
		};
		8C2F4AAB2C14BC7700E0DD0A /* Preview Content */ = {
			isa = PBXGroup;
			children = (
				8C2F4AAC2C14BC7700E0DD0A /* Preview Assets.xcassets */,
			);
			path = "Preview Content";
			sourceTree = "<group>";
		};
		8C2F4ABB2C16034600E0DD0A /* TabViews */ = {
			isa = PBXGroup;
			children = (
				8C2F4AC82C176D8200E0DD0A /* DetailViews */,
				8C2F4ABC2C16037800E0DD0A /* Contacts.swift */,
				8C2F4ABE2C16038000E0DD0A /* Chats.swift */,
				8C2F4AC02C16038800E0DD0A /* Other.swift */,
			);
			path = TabViews;
			sourceTree = "<group>";
		};
		8C2F4AC82C176D8200E0DD0A /* DetailViews */ = {
			isa = PBXGroup;
			children = (
				8C2F4AC92C176D9600E0DD0A /* DetailsView.swift */,
			);
			path = DetailViews;
			sourceTree = "<group>";
		};
/* End PBXGroup section */

/* Begin PBXNativeTarget section */
		8C2F4AA12C14BC7500E0DD0A /* WB_Home1 */ = {
			isa = PBXNativeTarget;
			buildConfigurationList = 8C2F4AB02C14BC7700E0DD0A /* Build configuration list for PBXNativeTarget "WB_Home1" */;
			buildPhases = (
				8C2F4A9E2C14BC7500E0DD0A /* Sources */,
				8C2F4A9F2C14BC7500E0DD0A /* Frameworks */,
				8C2F4AA02C14BC7500E0DD0A /* Resources */,
			);
			buildRules = (
			);
			dependencies = (
			);
			name = WB_Home1;
			productName = WB_Home1;
			productReference = 8C2F4AA22C14BC7500E0DD0A /* WB_Home1.app */;
			productType = "com.apple.product-type.application";
		};
/* End PBXNativeTarget section */

/* Begin PBXProject section */
		8C2F4A9A2C14BC7500E0DD0A /* Project object */ = {
			isa = PBXProject;
			attributes = {
				BuildIndependentTargetsInParallel = 1;
				LastSwiftUpdateCheck = 1540;
				LastUpgradeCheck = 1540;
				TargetAttributes = {
					8C2F4AA12C14BC7500E0DD0A = {
						CreatedOnToolsVersion = 15.4;
					};
				};
			};
			buildConfigurationList = 8C2F4A9D2C14BC7500E0DD0A /* Build configuration list for PBXProject "WB_Home1" */;
			compatibilityVersion = "Xcode 14.0";
			developmentRegion = en;
			hasScannedForEncodings = 0;
			knownRegions = (
				en,
				Base,
			);
			mainGroup = 8C2F4A992C14BC7500E0DD0A;
			productRefGroup = 8C2F4AA32C14BC7500E0DD0A /* Products */;
			projectDirPath = "";
			projectRoot = "";
			targets = (
				8C2F4AA12C14BC7500E0DD0A /* WB_Home1 */,
			);
		};
/* End PBXProject section */

/* Begin PBXResourcesBuildPhase section */
		8C2F4AA02C14BC7500E0DD0A /* Resources */ = {
			isa = PBXResourcesBuildPhase;
			buildActionMask = 2147483647;
			files = (
				8C2F4AAD2C14BC7700E0DD0A /* Preview Assets.xcassets in Resources */,
				8C2F4AAA2C14BC7700E0DD0A /* Assets.xcassets in Resources */,
			);
			runOnlyForDeploymentPostprocessing = 0;
		};
/* End PBXResourcesBuildPhase section */

/* Begin PBXSourcesBuildPhase section */
		8C2F4A9E2C14BC7500E0DD0A /* Sources */ = {
			isa = PBXSourcesBuildPhase;
			buildActionMask = 2147483647;
			files = (
				8C2F4AC72C165B8400E0DD0A /* Contact.swift in Sources */,
				8C2F4ACA2C176D9600E0DD0A /* DetailsView.swift in Sources */,
				8C2F4AA82C14BC7500E0DD0A /* ContentView.swift in Sources */,
				8C2F4AA62C14BC7500E0DD0A /* WB_Home1App.swift in Sources */,
				8C2F4AC52C16504300E0DD0A /* SearchBar.swift in Sources */,
				8C2F4ABA2C15F32900E0DD0A /* TabBar.swift in Sources */,
				8C2F4ABD2C16037800E0DD0A /* Contacts.swift in Sources */,
				8C2F4AC32C16064200E0DD0A /* TabBarItem.swift in Sources */,
				8C2F4AC12C16038800E0DD0A /* Other.swift in Sources */,
				8C2F4ABF2C16038000E0DD0A /* Chats.swift in Sources */,
			);
			runOnlyForDeploymentPostprocessing = 0;
		};
/* End PBXSourcesBuildPhase section */

/* Begin XCBuildConfiguration section */
		8C2F4AAE2C14BC7700E0DD0A /* Debug */ = {
			isa = XCBuildConfiguration;
			buildSettings = {
				ALWAYS_SEARCH_USER_PATHS = NO;
				ASSETCATALOG_COMPILER_GENERATE_SWIFT_ASSET_SYMBOL_EXTENSIONS = YES;
				CLANG_ANALYZER_NONNULL = YES;
				CLANG_ANALYZER_NUMBER_OBJECT_CONVERSION = YES_AGGRESSIVE;
				CLANG_CXX_LANGUAGE_STANDARD = "gnu++20";
				CLANG_ENABLE_MODULES = YES;
				CLANG_ENABLE_OBJC_ARC = YES;
				CLANG_ENABLE_OBJC_WEAK = YES;
				CLANG_WARN_BLOCK_CAPTURE_AUTORELEASING = YES;
				CLANG_WARN_BOOL_CONVERSION = YES;
				CLANG_WARN_COMMA = YES;
				CLANG_WARN_CONSTANT_CONVERSION = YES;
				CLANG_WARN_DEPRECATED_OBJC_IMPLEMENTATIONS = YES;
				CLANG_WARN_DIRECT_OBJC_ISA_USAGE = YES_ERROR;
				CLANG_WARN_DOCUMENTATION_COMMENTS = YES;
				CLANG_WARN_EMPTY_BODY = YES;
				CLANG_WARN_ENUM_CONVERSION = YES;
				CLANG_WARN_INFINITE_RECURSION = YES;
				CLANG_WARN_INT_CONVERSION = YES;
				CLANG_WARN_NON_LITERAL_NULL_CONVERSION = YES;
				CLANG_WARN_OBJC_IMPLICIT_RETAIN_SELF = YES;
				CLANG_WARN_OBJC_LITERAL_CONVERSION = YES;
				CLANG_WARN_OBJC_ROOT_CLASS = YES_ERROR;
				CLANG_WARN_QUOTED_INCLUDE_IN_FRAMEWORK_HEADER = YES;
				CLANG_WARN_RANGE_LOOP_ANALYSIS = YES;
				CLANG_WARN_STRICT_PROTOTYPES = YES;
				CLANG_WARN_SUSPICIOUS_MOVE = YES;
				CLANG_WARN_UNGUARDED_AVAILABILITY = YES_AGGRESSIVE;
				CLANG_WARN_UNREACHABLE_CODE = YES;
				CLANG_WARN__DUPLICATE_METHOD_MATCH = YES;
				COPY_PHASE_STRIP = NO;
				DEBUG_INFORMATION_FORMAT = dwarf;
				ENABLE_STRICT_OBJC_MSGSEND = YES;
				ENABLE_TESTABILITY = YES;
				ENABLE_USER_SCRIPT_SANDBOXING = YES;
				GCC_C_LANGUAGE_STANDARD = gnu17;
				GCC_DYNAMIC_NO_PIC = NO;
				GCC_NO_COMMON_BLOCKS = YES;
				GCC_OPTIMIZATION_LEVEL = 0;
				GCC_PREPROCESSOR_DEFINITIONS = (
					"DEBUG=1",
					"$(inherited)",
				);
				GCC_WARN_64_TO_32_BIT_CONVERSION = YES;
				GCC_WARN_ABOUT_RETURN_TYPE = YES_ERROR;
				GCC_WARN_UNDECLARED_SELECTOR = YES;
				GCC_WARN_UNINITIALIZED_AUTOS = YES_AGGRESSIVE;
				GCC_WARN_UNUSED_FUNCTION = YES;
				GCC_WARN_UNUSED_VARIABLE = YES;
				IPHONEOS_DEPLOYMENT_TARGET = 17.5;
				LOCALIZATION_PREFERS_STRING_CATALOGS = YES;
				MTL_ENABLE_DEBUG_INFO = INCLUDE_SOURCE;
				MTL_FAST_MATH = YES;
				ONLY_ACTIVE_ARCH = YES;
				SDKROOT = iphoneos;
				SWIFT_ACTIVE_COMPILATION_CONDITIONS = "DEBUG $(inherited)";
				SWIFT_OPTIMIZATION_LEVEL = "-Onone";
			};
			name = Debug;
		};
		8C2F4AAF2C14BC7700E0DD0A /* Release */ = {
			isa = XCBuildConfiguration;
			buildSettings = {
				ALWAYS_SEARCH_USER_PATHS = NO;
				ASSETCATALOG_COMPILER_GENERATE_SWIFT_ASSET_SYMBOL_EXTENSIONS = YES;
				CLANG_ANALYZER_NONNULL = YES;
				CLANG_ANALYZER_NUMBER_OBJECT_CONVERSION = YES_AGGRESSIVE;
				CLANG_CXX_LANGUAGE_STANDARD = "gnu++20";
				CLANG_ENABLE_MODULES = YES;
				CLANG_ENABLE_OBJC_ARC = YES;
				CLANG_ENABLE_OBJC_WEAK = YES;
				CLANG_WARN_BLOCK_CAPTURE_AUTORELEASING = YES;
				CLANG_WARN_BOOL_CONVERSION = YES;
				CLANG_WARN_COMMA = YES;
				CLANG_WARN_CONSTANT_CONVERSION = YES;
				CLANG_WARN_DEPRECATED_OBJC_IMPLEMENTATIONS = YES;
				CLANG_WARN_DIRECT_OBJC_ISA_USAGE = YES_ERROR;
				CLANG_WARN_DOCUMENTATION_COMMENTS = YES;
				CLANG_WARN_EMPTY_BODY = YES;
				CLANG_WARN_ENUM_CONVERSION = YES;
				CLANG_WARN_INFINITE_RECURSION = YES;
				CLANG_WARN_INT_CONVERSION = YES;
				CLANG_WARN_NON_LITERAL_NULL_CONVERSION = YES;
				CLANG_WARN_OBJC_IMPLICIT_RETAIN_SELF = YES;
				CLANG_WARN_OBJC_LITERAL_CONVERSION = YES;
				CLANG_WARN_OBJC_ROOT_CLASS = YES_ERROR;
				CLANG_WARN_QUOTED_INCLUDE_IN_FRAMEWORK_HEADER = YES;
				CLANG_WARN_RANGE_LOOP_ANALYSIS = YES;
				CLANG_WARN_STRICT_PROTOTYPES = YES;
				CLANG_WARN_SUSPICIOUS_MOVE = YES;
				CLANG_WARN_UNGUARDED_AVAILABILITY = YES_AGGRESSIVE;
				CLANG_WARN_UNREACHABLE_CODE = YES;
				CLANG_WARN__DUPLICATE_METHOD_MATCH = YES;
				COPY_PHASE_STRIP = NO;
				DEBUG_INFORMATION_FORMAT = "dwarf-with-dsym";
				ENABLE_NS_ASSERTIONS = NO;
				ENABLE_STRICT_OBJC_MSGSEND = YES;
				ENABLE_USER_SCRIPT_SANDBOXING = YES;
				GCC_C_LANGUAGE_STANDARD = gnu17;
				GCC_NO_COMMON_BLOCKS = YES;
				GCC_WARN_64_TO_32_BIT_CONVERSION = YES;
				GCC_WARN_ABOUT_RETURN_TYPE = YES_ERROR;
				GCC_WARN_UNDECLARED_SELECTOR = YES;
				GCC_WARN_UNINITIALIZED_AUTOS = YES_AGGRESSIVE;
				GCC_WARN_UNUSED_FUNCTION = YES;
				GCC_WARN_UNUSED_VARIABLE = YES;
				IPHONEOS_DEPLOYMENT_TARGET = 17.5;
				LOCALIZATION_PREFERS_STRING_CATALOGS = YES;
				MTL_ENABLE_DEBUG_INFO = NO;
				MTL_FAST_MATH = YES;
				SDKROOT = iphoneos;
				SWIFT_COMPILATION_MODE = wholemodule;
				VALIDATE_PRODUCT = YES;
			};
			name = Release;
		};
		8C2F4AB12C14BC7700E0DD0A /* Debug */ = {
			isa = XCBuildConfiguration;
			buildSettings = {
				ASSETCATALOG_COMPILER_APPICON_NAME = AppIcon;
				ASSETCATALOG_COMPILER_GLOBAL_ACCENT_COLOR_NAME = AccentColor;
				CODE_SIGN_STYLE = Automatic;
				CURRENT_PROJECT_VERSION = 1;
				DEVELOPMENT_ASSET_PATHS = "\"WB_Home1/Preview Content\"";
				DEVELOPMENT_TEAM = JA29DRKRPK;
				ENABLE_PREVIEWS = YES;
				GENERATE_INFOPLIST_FILE = YES;
				INFOPLIST_KEY_UIApplicationSceneManifest_Generation = YES;
				INFOPLIST_KEY_UIApplicationSupportsIndirectInputEvents = YES;
				INFOPLIST_KEY_UILaunchScreen_Generation = YES;
				INFOPLIST_KEY_UISupportedInterfaceOrientations_iPad = "UIInterfaceOrientationPortrait UIInterfaceOrientationPortraitUpsideDown UIInterfaceOrientationLandscapeLeft UIInterfaceOrientationLandscapeRight";
				INFOPLIST_KEY_UISupportedInterfaceOrientations_iPhone = "UIInterfaceOrientationPortrait UIInterfaceOrientationLandscapeLeft UIInterfaceOrientationLandscapeRight";
				IPHONEOS_DEPLOYMENT_TARGET = 16.0;
				LD_RUNPATH_SEARCH_PATHS = (
					"$(inherited)",
					"@executable_path/Frameworks",
				);
				MARKETING_VERSION = 1.0;
				PRODUCT_BUNDLE_IDENTIFIER = "------------.WB-Home1";
				PRODUCT_NAME = "$(TARGET_NAME)";
				SWIFT_EMIT_LOC_STRINGS = YES;
				SWIFT_VERSION = 5.0;
				TARGETED_DEVICE_FAMILY = "1,2";
			};
			name = Debug;
		};
		8C2F4AB22C14BC7700E0DD0A /* Release */ = {
			isa = XCBuildConfiguration;
			buildSettings = {
				ASSETCATALOG_COMPILER_APPICON_NAME = AppIcon;
				ASSETCATALOG_COMPILER_GLOBAL_ACCENT_COLOR_NAME = AccentColor;
				CODE_SIGN_STYLE = Automatic;
				CURRENT_PROJECT_VERSION = 1;
				DEVELOPMENT_ASSET_PATHS = "\"WB_Home1/Preview Content\"";
				DEVELOPMENT_TEAM = JA29DRKRPK;
				ENABLE_PREVIEWS = YES;
				GENERATE_INFOPLIST_FILE = YES;
				INFOPLIST_KEY_UIApplicationSceneManifest_Generation = YES;
				INFOPLIST_KEY_UIApplicationSupportsIndirectInputEvents = YES;
				INFOPLIST_KEY_UILaunchScreen_Generation = YES;
				INFOPLIST_KEY_UISupportedInterfaceOrientations_iPad = "UIInterfaceOrientationPortrait UIInterfaceOrientationPortraitUpsideDown UIInterfaceOrientationLandscapeLeft UIInterfaceOrientationLandscapeRight";
				INFOPLIST_KEY_UISupportedInterfaceOrientations_iPhone = "UIInterfaceOrientationPortrait UIInterfaceOrientationLandscapeLeft UIInterfaceOrientationLandscapeRight";
				IPHONEOS_DEPLOYMENT_TARGET = 16.0;
				LD_RUNPATH_SEARCH_PATHS = (
					"$(inherited)",
					"@executable_path/Frameworks",
				);
				MARKETING_VERSION = 1.0;
				PRODUCT_BUNDLE_IDENTIFIER = "------------.WB-Home1";
				PRODUCT_NAME = "$(TARGET_NAME)";
				SWIFT_EMIT_LOC_STRINGS = YES;
				SWIFT_VERSION = 5.0;
				TARGETED_DEVICE_FAMILY = "1,2";
			};
			name = Release;
		};
/* End XCBuildConfiguration section */

/* Begin XCConfigurationList section */
		8C2F4A9D2C14BC7500E0DD0A /* Build configuration list for PBXProject "WB_Home1" */ = {
			isa = XCConfigurationList;
			buildConfigurations = (
				8C2F4AAE2C14BC7700E0DD0A /* Debug */,
				8C2F4AAF2C14BC7700E0DD0A /* Release */,
			);
			defaultConfigurationIsVisible = 0;
			defaultConfigurationName = Release;
		};
		8C2F4AB02C14BC7700E0DD0A /* Build configuration list for PBXNativeTarget "WB_Home1" */ = {
			isa = XCConfigurationList;
			buildConfigurations = (
				8C2F4AB12C14BC7700E0DD0A /* Debug */,
				8C2F4AB22C14BC7700E0DD0A /* Release */,
			);
			defaultConfigurationIsVisible = 0;
			defaultConfigurationName = Release;
		};
/* End XCConfigurationList section */
	};
	rootObject = 8C2F4A9A2C14BC7500E0DD0A /* Project object */;
}
